
Microsoft Visual Studio Solution File, Format Version 12.00
# Visual Studio Version 16
VisualStudioVersion = 16.0.31911.196
MinimumVisualStudioVersion = 10.0.40219.1
Project("{159641D6-6404-4A2A-AE62-294DE0FE8301}") = "CNET-QDC-REQUEST", "CNET-QDC-REQUEST\CNET-QDC-REQUEST.dtproj", "{3DDFFF6B-8D40-419D-A23A-8A4EE44701BC}"
EndProject
Global
	GlobalSection(SolutionConfigurationPlatforms) = preSolution
		Development|Default = Development|Default
	EndGlobalSection
	GlobalSection(ProjectConfigurationPlatforms) = postSolution
		{3DDFFF6B-8D40-419D-A23A-8A4EE44701BC}.Development|Default.ActiveCfg = Development
		{3DDFFF6B-8D40-419D-A23A-8A4EE44701BC}.Development|Default.Build.0 = Development
	EndGlobalSection
	GlobalSection(SolutionProperties) = preSolution
		HideSolutionNode = FALSE
	EndGlobalSection
	GlobalSection(ExtensibilityGlobals) = postSolution
		SolutionGuid = {7DA87E1C-87BA-4580-B540-E4627975B77D}
	EndGlobalSection
EndGlobal
